
Microsoft Visual Studio Solution File, Format Version 12.00
Project("{FAE04EC0-301F-11D3-BF4B-00C04F79EFBC}") = ".\src\PuzzleLab.Web", ".\src\PuzzleLab.Web\PuzzleLab.Web.csproj", "{508C27AA-1779-45BD-9DCF-F3CB33EC3EA5}"
EndProject
Project("{2150E333-8FDC-42A3-9474-1A3956D46DE8}") = "Solution Items", "Solution Items", "{91DB3666-1832-4AFE-B4F8-184D5C07605B}"
	ProjectSection(SolutionItems) = preProject
		compose.yaml = compose.yaml
	EndProjectSection
EndProject
Project("{FAE04EC0-301F-11D3-BF4B-00C04F79EFBC}") = "PuzzleLab.Domain", "src\PuzzleLab.Domain\PuzzleLab.Domain.csproj", "{BD89F161-679F-435F-BF6D-FBFBD60D6958}"
EndProject
Project("{FAE04EC0-301F-11D3-BF4B-00C04F79EFBC}") = "PuzzleLab.Infrastructure", "src\PuzzleLab.Infrastructure\PuzzleLab.Infrastructure.csproj", "{63773C30-B5B9-4793-B607-93CE4B3025B9}"
EndProject
Project("{FAE04EC0-301F-11D3-BF4B-00C04F79EFBC}") = "PuzzleLab.Application", "src\PuzzleLab.Application\PuzzleLab.Application.csproj", "{E32F1EA4-5465-4659-9E8E-4CFE09C9F358}"
EndProject
Global
	GlobalSection(SolutionConfigurationPlatforms) = preSolution
		Debug|Any CPU = Debug|Any CPU
		Release|Any CPU = Release|Any CPU
	EndGlobalSection
	GlobalSection(ProjectConfigurationPlatforms) = postSolution
		{508C27AA-1779-45BD-9DCF-F3CB33EC3EA5}.Debug|Any CPU.ActiveCfg = Debug|Any CPU
		{508C27AA-1779-45BD-9DCF-F3CB33EC3EA5}.Debug|Any CPU.Build.0 = Debug|Any CPU
		{508C27AA-1779-45BD-9DCF-F3CB33EC3EA5}.Release|Any CPU.ActiveCfg = Release|Any CPU
		{508C27AA-1779-45BD-9DCF-F3CB33EC3EA5}.Release|Any CPU.Build.0 = Release|Any CPU
		{BD89F161-679F-435F-BF6D-FBFBD60D6958}.Debug|Any CPU.ActiveCfg = Debug|Any CPU
		{BD89F161-679F-435F-BF6D-FBFBD60D6958}.Debug|Any CPU.Build.0 = Debug|Any CPU
		{BD89F161-679F-435F-BF6D-FBFBD60D6958}.Release|Any CPU.ActiveCfg = Release|Any CPU
		{BD89F161-679F-435F-BF6D-FBFBD60D6958}.Release|Any CPU.Build.0 = Release|Any CPU
		{63773C30-B5B9-4793-B607-93CE4B3025B9}.Debug|Any CPU.ActiveCfg = Debug|Any CPU
		{63773C30-B5B9-4793-B607-93CE4B3025B9}.Debug|Any CPU.Build.0 = Debug|Any CPU
		{63773C30-B5B9-4793-B607-93CE4B3025B9}.Release|Any CPU.ActiveCfg = Release|Any CPU
		{63773C30-B5B9-4793-B607-93CE4B3025B9}.Release|Any CPU.Build.0 = Release|Any CPU
		{E32F1EA4-5465-4659-9E8E-4CFE09C9F358}.Debug|Any CPU.ActiveCfg = Debug|Any CPU
		{E32F1EA4-5465-4659-9E8E-4CFE09C9F358}.Debug|Any CPU.Build.0 = Debug|Any CPU
		{E32F1EA4-5465-4659-9E8E-4CFE09C9F358}.Release|Any CPU.ActiveCfg = Release|Any CPU
		{E32F1EA4-5465-4659-9E8E-4CFE09C9F358}.Release|Any CPU.Build.0 = Release|Any CPU
	EndGlobalSection
EndGlobal
